Microsoft Visual Studio Solution File, Format Version 12.00
# Visual Studio 2012
Project("{FAE04EC0-301F-11D3-BF4B-00C04F79EFBC}") = "Prototype 2 Music", "Prototype 2 Music.csproj", "{42E695D5-640F-475A-B624-D8C17198C6BA}"
EndProject
Global
	GlobalSection(SolutionConfigurationPlatforms) = preSolution
	Debug|Any CPU = Debug|Any CPU
	ExportDebug|Any CPU = ExportDebug|Any CPU
	ExportRelease|Any CPU = ExportRelease|Any CPU
	EndGlobalSection
	GlobalSection(ProjectConfigurationPlatforms) = postSolution
		{42E695D5-640F-475A-B624-D8C17198C6BA}.Debug|Any CPU.ActiveCfg = Debug|Any CPU
		{42E695D5-640F-475A-B624-D8C17198C6BA}.Debug|Any CPU.Build.0 = Debug|Any CPU
		{42E695D5-640F-475A-B624-D8C17198C6BA}.ExportDebug|Any CPU.ActiveCfg = ExportDebug|Any CPU
		{42E695D5-640F-475A-B624-D8C17198C6BA}.ExportDebug|Any CPU.Build.0 = ExportDebug|Any CPU
		{42E695D5-640F-475A-B624-D8C17198C6BA}.ExportRelease|Any CPU.ActiveCfg = ExportRelease|Any CPU
		{42E695D5-640F-475A-B624-D8C17198C6BA}.ExportRelease|Any CPU.Build.0 = ExportRelease|Any CPU
	EndGlobalSection
EndGlobal
